
Microsoft Visual Studio Solution File, Format Version 12.00
# Visual Studio 2013
VisualStudioVersion = 12.0.31101.0
MinimumVisualStudioVersion = 10.0.40219.1
Project("{2150E333-8FDC-42A3-9474-1A3956D46DE8}") = "Solution Items", "Solution Items", "{2AF55F73-4FE0-46B1-B5C4-534F028A90C1}"
	ProjectSection(SolutionItems) = preProject
		..\build.proj = ..\build.proj
	EndProjectSection
EndProject
Project("{FAE04EC0-301F-11D3-BF4B-00C04F79EFBC}") = "Portable", "Demo\Portable\Portable.csproj", "{500905CA-9BF4-43C6-9AF8-71DEE6618DDD}"
EndProject
Project("{FAE04EC0-301F-11D3-BF4B-00C04F79EFBC}") = "iOS", "Demo\iOS\iOS.csproj", "{388097BA-0E71-44CE-9F4A-4565FF131046}"
EndProject
Project("{FAE04EC0-301F-11D3-BF4B-00C04F79EFBC}") = "Android", "Demo\Android\Android.csproj", "{A13ED7DF-CAA5-445D-90AA-516069BA0019}"
EndProject
Project("{2150E333-8FDC-42A3-9474-1A3956D46DE8}") = "Demo", "Demo", "{5D11FF12-9B7F-4E5D-A88C-08DD404CE862}"
EndProject
Project("{FAE04EC0-301F-11D3-BF4B-00C04F79EFBC}") = "Xamarin.Forms.Dynamic", "Xamarin.Forms.Dynamic\Xamarin.Forms.Dynamic.csproj", "{D6068400-2B27-4D71-BA89-52DB24A674C2}"
EndProject
Project("{FAE04EC0-301F-11D3-BF4B-00C04F79EFBC}") = "Xamarin.Forms.Dynamic.iOS", "Xamarin.Forms.Dynamic.iOS\Xamarin.Forms.Dynamic.iOS.csproj", "{3DA93F32-E204-4F17-8E24-5A9130534286}"
EndProject
Project("{FAE04EC0-301F-11D3-BF4B-00C04F79EFBC}") = "Xamarin.Forms.Dynamic.Android", "Xamarin.Forms.Dynamic.Android\Xamarin.Forms.Dynamic.Android.csproj", "{EBA60109-E20A-4C9D-A730-E40EAA90589E}"
EndProject
Project("{FAE04EC0-301F-11D3-BF4B-00C04F79EFBC}") = "UnitTests", "UnitTests\UnitTests.csproj", "{E419094A-B6F6-4DF5-8B74-AD3F14F5F69A}"
EndProject
Project("{FAE04EC0-301F-11D3-BF4B-00C04F79EFBC}") = "Xamarin.Forms.Dynamic.Desktop", "Xamarin.Forms.Dynamic.Desktop\Xamarin.Forms.Dynamic.Desktop.csproj", "{8E278264-E186-42BA-8769-EE3CFB4CE519}"
EndProject
Project("{2150E333-8FDC-42A3-9474-1A3956D46DE8}") = ".nuget", ".nuget", "{EBC00B62-7716-43D0-BFAE-E00673EA5E56}"
	ProjectSection(SolutionItems) = preProject
		.nuget\packages.config = .nuget\packages.config
	EndProjectSection
EndProject
Global
	GlobalSection(SolutionConfigurationPlatforms) = preSolution
		Ad-Hoc|Any CPU = Ad-Hoc|Any CPU
		Ad-Hoc|ARM = Ad-Hoc|ARM
		Ad-Hoc|iPhone = Ad-Hoc|iPhone
		Ad-Hoc|iPhoneSimulator = Ad-Hoc|iPhoneSimulator
		Ad-Hoc|Mixed Platforms = Ad-Hoc|Mixed Platforms
		Ad-Hoc|x86 = Ad-Hoc|x86
		AppStore|Any CPU = AppStore|Any CPU
		AppStore|ARM = AppStore|ARM
		AppStore|iPhone = AppStore|iPhone
		AppStore|iPhoneSimulator = AppStore|iPhoneSimulator
		AppStore|Mixed Platforms = AppStore|Mixed Platforms
		AppStore|x86 = AppStore|x86
		Debug|Any CPU = Debug|Any CPU
		Debug|ARM = Debug|ARM
		Debug|iPhone = Debug|iPhone
		Debug|iPhoneSimulator = Debug|iPhoneSimulator
		Debug|Mixed Platforms = Debug|Mixed Platforms
		Debug|x86 = Debug|x86
		Release|Any CPU = Release|Any CPU
		Release|ARM = Release|ARM
		Release|iPhone = Release|iPhone
		Release|iPhoneSimulator = Release|iPhoneSimulator
		Release|Mixed Platforms = Release|Mixed Platforms
		Release|x86 = Release|x86
		Turkey|Any CPU = Turkey|Any CPU
		Turkey|ARM = Turkey|ARM
		Turkey|iPhone = Turkey|iPhone
		Turkey|iPhoneSimulator = Turkey|iPhoneSimulator
		Turkey|Mixed Platforms = Turkey|Mixed Platforms
		Turkey|x86 = Turkey|x86
	EndGlobalSection
	GlobalSection(ProjectConfigurationPlatforms) = postSolution
		{500905CA-9BF4-43C6-9AF8-71DEE6618DDD}.Ad-Hoc|Any CPU.ActiveCfg = Release|Any CPU
		{500905CA-9BF4-43C6-9AF8-71DEE6618DDD}.Ad-Hoc|Any CPU.Build.0 = Release|Any CPU
		{500905CA-9BF4-43C6-9AF8-71DEE6618DDD}.Ad-Hoc|ARM.ActiveCfg = Release|Any CPU
		{500905CA-9BF4-43C6-9AF8-71DEE6618DDD}.Ad-Hoc|iPhone.ActiveCfg = Release|Any CPU
		{500905CA-9BF4-43C6-9AF8-71DEE6618DDD}.Ad-Hoc|iPhoneSimulator.ActiveCfg = Release|Any CPU
		{500905CA-9BF4-43C6-9AF8-71DEE6618DDD}.Ad-Hoc|Mixed Platforms.ActiveCfg = Release|Any CPU
		{500905CA-9BF4-43C6-9AF8-71DEE6618DDD}.Ad-Hoc|Mixed Platforms.Build.0 = Release|Any CPU
		{500905CA-9BF4-43C6-9AF8-71DEE6618DDD}.Ad-Hoc|x86.ActiveCfg = Release|Any CPU
		{500905CA-9BF4-43C6-9AF8-71DEE6618DDD}.AppStore|Any CPU.ActiveCfg = Release|Any CPU
		{500905CA-9BF4-43C6-9AF8-71DEE6618DDD}.AppStore|Any CPU.Build.0 = Release|Any CPU
		{500905CA-9BF4-43C6-9AF8-71DEE6618DDD}.AppStore|ARM.ActiveCfg = Release|Any CPU
		{500905CA-9BF4-43C6-9AF8-71DEE6618DDD}.AppStore|iPhone.ActiveCfg = Release|Any CPU
		{500905CA-9BF4-43C6-9AF8-71DEE6618DDD}.AppStore|iPhoneSimulator.ActiveCfg = Release|Any CPU
		{500905CA-9BF4-43C6-9AF8-71DEE6618DDD}.AppStore|Mixed Platforms.ActiveCfg = Release|Any CPU
		{500905CA-9BF4-43C6-9AF8-71DEE6618DDD}.AppStore|Mixed Platforms.Build.0 = Release|Any CPU
		{500905CA-9BF4-43C6-9AF8-71DEE6618DDD}.AppStore|x86.ActiveCfg = Release|Any CPU
		{500905CA-9BF4-43C6-9AF8-71DEE6618DDD}.Debug|Any CPU.ActiveCfg = Debug|Any CPU
		{500905CA-9BF4-43C6-9AF8-71DEE6618DDD}.Debug|Any CPU.Build.0 = Debug|Any CPU
		{500905CA-9BF4-43C6-9AF8-71DEE6618DDD}.Debug|ARM.ActiveCfg = Debug|Any CPU
		{500905CA-9BF4-43C6-9AF8-71DEE6618DDD}.Debug|iPhone.ActiveCfg = Debug|Any CPU
		{500905CA-9BF4-43C6-9AF8-71DEE6618DDD}.Debug|iPhoneSimulator.ActiveCfg = Debug|Any CPU
		{500905CA-9BF4-43C6-9AF8-71DEE6618DDD}.Debug|Mixed Platforms.ActiveCfg = Debug|Any CPU
		{500905CA-9BF4-43C6-9AF8-71DEE6618DDD}.Debug|Mixed Platforms.Build.0 = Debug|Any CPU
		{500905CA-9BF4-43C6-9AF8-71DEE6618DDD}.Debug|x86.ActiveCfg = Debug|Any CPU
		{500905CA-9BF4-43C6-9AF8-71DEE6618DDD}.Release|Any CPU.ActiveCfg = Release|Any CPU
		{500905CA-9BF4-43C6-9AF8-71DEE6618DDD}.Release|Any CPU.Build.0 = Release|Any CPU
		{500905CA-9BF4-43C6-9AF8-71DEE6618DDD}.Release|ARM.ActiveCfg = Release|Any CPU
		{500905CA-9BF4-43C6-9AF8-71DEE6618DDD}.Release|iPhone.ActiveCfg = Release|Any CPU
		{500905CA-9BF4-43C6-9AF8-71DEE6618DDD}.Release|iPhoneSimulator.ActiveCfg = Release|Any CPU
		{500905CA-9BF4-43C6-9AF8-71DEE6618DDD}.Release|Mixed Platforms.ActiveCfg = Release|Any CPU
		{500905CA-9BF4-43C6-9AF8-71DEE6618DDD}.Release|Mixed Platforms.Build.0 = Release|Any CPU
		{500905CA-9BF4-43C6-9AF8-71DEE6618DDD}.Release|x86.ActiveCfg = Release|Any CPU
		{500905CA-9BF4-43C6-9AF8-71DEE6618DDD}.Turkey|Any CPU.ActiveCfg = Debug|Any CPU
		{500905CA-9BF4-43C6-9AF8-71DEE6618DDD}.Turkey|Any CPU.Build.0 = Debug|Any CPU
		{500905CA-9BF4-43C6-9AF8-71DEE6618DDD}.Turkey|ARM.ActiveCfg = Debug|Any CPU
		{500905CA-9BF4-43C6-9AF8-71DEE6618DDD}.Turkey|iPhone.ActiveCfg = Debug|Any CPU
		{500905CA-9BF4-43C6-9AF8-71DEE6618DDD}.Turkey|iPhoneSimulator.ActiveCfg = Debug|Any CPU
		{500905CA-9BF4-43C6-9AF8-71DEE6618DDD}.Turkey|Mixed Platforms.ActiveCfg = Debug|Any CPU
		{500905CA-9BF4-43C6-9AF8-71DEE6618DDD}.Turkey|Mixed Platforms.Build.0 = Debug|Any CPU
		{500905CA-9BF4-43C6-9AF8-71DEE6618DDD}.Turkey|x86.ActiveCfg = Debug|Any CPU
		{388097BA-0E71-44CE-9F4A-4565FF131046}.Ad-Hoc|Any CPU.ActiveCfg = Ad-Hoc|iPhone
		{388097BA-0E71-44CE-9F4A-4565FF131046}.Ad-Hoc|ARM.ActiveCfg = Ad-Hoc|iPhone
		{388097BA-0E71-44CE-9F4A-4565FF131046}.Ad-Hoc|iPhone.ActiveCfg = Ad-Hoc|iPhone
		{388097BA-0E71-44CE-9F4A-4565FF131046}.Ad-Hoc|iPhone.Build.0 = Ad-Hoc|iPhone
		{388097BA-0E71-44CE-9F4A-4565FF131046}.Ad-Hoc|iPhoneSimulator.ActiveCfg = Ad-Hoc|iPhoneSimulator
		{388097BA-0E71-44CE-9F4A-4565FF131046}.Ad-Hoc|iPhoneSimulator.Build.0 = Ad-Hoc|iPhoneSimulator
		{388097BA-0E71-44CE-9F4A-4565FF131046}.Ad-Hoc|Mixed Platforms.ActiveCfg = Ad-Hoc|iPhone
		{388097BA-0E71-44CE-9F4A-4565FF131046}.Ad-Hoc|Mixed Platforms.Build.0 = Ad-Hoc|iPhone
		{388097BA-0E71-44CE-9F4A-4565FF131046}.Ad-Hoc|x86.ActiveCfg = Ad-Hoc|iPhone
		{388097BA-0E71-44CE-9F4A-4565FF131046}.AppStore|Any CPU.ActiveCfg = AppStore|iPhone
		{388097BA-0E71-44CE-9F4A-4565FF131046}.AppStore|ARM.ActiveCfg = AppStore|iPhone
		{388097BA-0E71-44CE-9F4A-4565FF131046}.AppStore|iPhone.ActiveCfg = AppStore|iPhone
		{388097BA-0E71-44CE-9F4A-4565FF131046}.AppStore|iPhone.Build.0 = AppStore|iPhone
		{388097BA-0E71-44CE-9F4A-4565FF131046}.AppStore|iPhoneSimulator.ActiveCfg = AppStore|iPhoneSimulator
		{388097BA-0E71-44CE-9F4A-4565FF131046}.AppStore|iPhoneSimulator.Build.0 = AppStore|iPhoneSimulator
		{388097BA-0E71-44CE-9F4A-4565FF131046}.AppStore|Mixed Platforms.ActiveCfg = AppStore|iPhone
		{388097BA-0E71-44CE-9F4A-4565FF131046}.AppStore|Mixed Platforms.Build.0 = AppStore|iPhone
		{388097BA-0E71-44CE-9F4A-4565FF131046}.AppStore|x86.ActiveCfg = AppStore|iPhone
		{388097BA-0E71-44CE-9F4A-4565FF131046}.Debug|Any CPU.ActiveCfg = Debug|iPhone
		{388097BA-0E71-44CE-9F4A-4565FF131046}.Debug|ARM.ActiveCfg = Debug|iPhone
		{388097BA-0E71-44CE-9F4A-4565FF131046}.Debug|iPhone.ActiveCfg = Debug|iPhone
		{388097BA-0E71-44CE-9F4A-4565FF131046}.Debug|iPhone.Build.0 = Debug|iPhone
		{388097BA-0E71-44CE-9F4A-4565FF131046}.Debug|iPhoneSimulator.ActiveCfg = Debug|iPhoneSimulator
		{388097BA-0E71-44CE-9F4A-4565FF131046}.Debug|iPhoneSimulator.Build.0 = Debug|iPhoneSimulator
		{388097BA-0E71-44CE-9F4A-4565FF131046}.Debug|Mixed Platforms.ActiveCfg = Debug|iPhone
		{388097BA-0E71-44CE-9F4A-4565FF131046}.Debug|Mixed Platforms.Build.0 = Debug|iPhone
		{388097BA-0E71-44CE-9F4A-4565FF131046}.Debug|x86.ActiveCfg = Debug|iPhone
		{388097BA-0E71-44CE-9F4A-4565FF131046}.Release|Any CPU.ActiveCfg = Release|iPhone
		{388097BA-0E71-44CE-9F4A-4565FF131046}.Release|ARM.ActiveCfg = Release|iPhone
		{388097BA-0E71-44CE-9F4A-4565FF131046}.Release|iPhone.ActiveCfg = Release|iPhone
		{388097BA-0E71-44CE-9F4A-4565FF131046}.Release|iPhone.Build.0 = Release|iPhone
		{388097BA-0E71-44CE-9F4A-4565FF131046}.Release|iPhoneSimulator.ActiveCfg = Release|iPhoneSimulator
		{388097BA-0E71-44CE-9F4A-4565FF131046}.Release|iPhoneSimulator.Build.0 = Release|iPhoneSimulator
		{388097BA-0E71-44CE-9F4A-4565FF131046}.Release|Mixed Platforms.ActiveCfg = Release|iPhone
		{388097BA-0E71-44CE-9F4A-4565FF131046}.Release|Mixed Platforms.Build.0 = Release|iPhone
		{388097BA-0E71-44CE-9F4A-4565FF131046}.Release|x86.ActiveCfg = Release|iPhone
		{388097BA-0E71-44CE-9F4A-4565FF131046}.Turkey|Any CPU.ActiveCfg = Release|iPhoneSimulator
		{388097BA-0E71-44CE-9F4A-4565FF131046}.Turkey|ARM.ActiveCfg = Release|iPhoneSimulator
		{388097BA-0E71-44CE-9F4A-4565FF131046}.Turkey|iPhone.ActiveCfg = Release|iPhone
		{388097BA-0E71-44CE-9F4A-4565FF131046}.Turkey|iPhoneSimulator.ActiveCfg = Release|iPhoneSimulator
		{388097BA-0E71-44CE-9F4A-4565FF131046}.Turkey|Mixed Platforms.ActiveCfg = Release|iPhoneSimulator
		{388097BA-0E71-44CE-9F4A-4565FF131046}.Turkey|x86.ActiveCfg = Release|iPhoneSimulator
		{A13ED7DF-CAA5-445D-90AA-516069BA0019}.Ad-Hoc|Any CPU.ActiveCfg = Release|Any CPU
		{A13ED7DF-CAA5-445D-90AA-516069BA0019}.Ad-Hoc|Any CPU.Build.0 = Release|Any CPU
		{A13ED7DF-CAA5-445D-90AA-516069BA0019}.Ad-Hoc|Any CPU.Deploy.0 = Release|Any CPU
		{A13ED7DF-CAA5-445D-90AA-516069BA0019}.Ad-Hoc|ARM.ActiveCfg = Release|Any CPU
		{A13ED7DF-CAA5-445D-90AA-516069BA0019}.Ad-Hoc|ARM.Build.0 = Release|Any CPU
		{A13ED7DF-CAA5-445D-90AA-516069BA0019}.Ad-Hoc|ARM.Deploy.0 = Release|Any CPU
		{A13ED7DF-CAA5-445D-90AA-516069BA0019}.Ad-Hoc|iPhone.ActiveCfg = Release|Any CPU
		{A13ED7DF-CAA5-445D-90AA-516069BA0019}.Ad-Hoc|iPhone.Build.0 = Release|Any CPU
		{A13ED7DF-CAA5-445D-90AA-516069BA0019}.Ad-Hoc|iPhone.Deploy.0 = Release|Any CPU
		{A13ED7DF-CAA5-445D-90AA-516069BA0019}.Ad-Hoc|iPhoneSimulator.ActiveCfg = Release|Any CPU
		{A13ED7DF-CAA5-445D-90AA-516069BA0019}.Ad-Hoc|iPhoneSimulator.Build.0 = Release|Any CPU
		{A13ED7DF-CAA5-445D-90AA-516069BA0019}.Ad-Hoc|iPhoneSimulator.Deploy.0 = Release|Any CPU
		{A13ED7DF-CAA5-445D-90AA-516069BA0019}.Ad-Hoc|Mixed Platforms.ActiveCfg = Release|Any CPU
		{A13ED7DF-CAA5-445D-90AA-516069BA0019}.Ad-Hoc|Mixed Platforms.Build.0 = Release|Any CPU
		{A13ED7DF-CAA5-445D-90AA-516069BA0019}.Ad-Hoc|Mixed Platforms.Deploy.0 = Release|Any CPU
		{A13ED7DF-CAA5-445D-90AA-516069BA0019}.Ad-Hoc|x86.ActiveCfg = Release|Any CPU
		{A13ED7DF-CAA5-445D-90AA-516069BA0019}.Ad-Hoc|x86.Build.0 = Release|Any CPU
		{A13ED7DF-CAA5-445D-90AA-516069BA0019}.Ad-Hoc|x86.Deploy.0 = Release|Any CPU
		{A13ED7DF-CAA5-445D-90AA-516069BA0019}.AppStore|Any CPU.ActiveCfg = Release|Any CPU
		{A13ED7DF-CAA5-445D-90AA-516069BA0019}.AppStore|Any CPU.Build.0 = Release|Any CPU
		{A13ED7DF-CAA5-445D-90AA-516069BA0019}.AppStore|Any CPU.Deploy.0 = Release|Any CPU
		{A13ED7DF-CAA5-445D-90AA-516069BA0019}.AppStore|ARM.ActiveCfg = Release|Any CPU
		{A13ED7DF-CAA5-445D-90AA-516069BA0019}.AppStore|ARM.Build.0 = Release|Any CPU
		{A13ED7DF-CAA5-445D-90AA-516069BA0019}.AppStore|ARM.Deploy.0 = Release|Any CPU
		{A13ED7DF-CAA5-445D-90AA-516069BA0019}.AppStore|iPhone.ActiveCfg = Release|Any CPU
		{A13ED7DF-CAA5-445D-90AA-516069BA0019}.AppStore|iPhone.Build.0 = Release|Any CPU
		{A13ED7DF-CAA5-445D-90AA-516069BA0019}.AppStore|iPhone.Deploy.0 = Release|Any CPU
		{A13ED7DF-CAA5-445D-90AA-516069BA0019}.AppStore|iPhoneSimulator.ActiveCfg = Release|Any CPU
		{A13ED7DF-CAA5-445D-90AA-516069BA0019}.AppStore|iPhoneSimulator.Build.0 = Release|Any CPU
		{A13ED7DF-CAA5-445D-90AA-516069BA0019}.AppStore|iPhoneSimulator.Deploy.0 = Release|Any CPU
		{A13ED7DF-CAA5-445D-90AA-516069BA0019}.AppStore|Mixed Platforms.ActiveCfg = Release|Any CPU
		{A13ED7DF-CAA5-445D-90AA-516069BA0019}.AppStore|Mixed Platforms.Build.0 = Release|Any CPU
		{A13ED7DF-CAA5-445D-90AA-516069BA0019}.AppStore|Mixed Platforms.Deploy.0 = Release|Any CPU
		{A13ED7DF-CAA5-445D-90AA-516069BA0019}.AppStore|x86.ActiveCfg = Release|Any CPU
		{A13ED7DF-CAA5-445D-90AA-516069BA0019}.AppStore|x86.Build.0 = Release|Any CPU
		{A13ED7DF-CAA5-445D-90AA-516069BA0019}.AppStore|x86.Deploy.0 = Release|Any CPU
		{A13ED7DF-CAA5-445D-90AA-516069BA0019}.Debug|Any CPU.ActiveCfg = Debug|Any CPU
		{A13ED7DF-CAA5-445D-90AA-516069BA0019}.Debug|Any CPU.Build.0 = Debug|Any CPU
		{A13ED7DF-CAA5-445D-90AA-516069BA0019}.Debug|Any CPU.Deploy.0 = Debug|Any CPU
		{A13ED7DF-CAA5-445D-90AA-516069BA0019}.Debug|ARM.ActiveCfg = Debug|Any CPU
		{A13ED7DF-CAA5-445D-90AA-516069BA0019}.Debug|ARM.Build.0 = Debug|Any CPU
		{A13ED7DF-CAA5-445D-90AA-516069BA0019}.Debug|ARM.Deploy.0 = Debug|Any CPU
		{A13ED7DF-CAA5-445D-90AA-516069BA0019}.Debug|iPhone.ActiveCfg = Debug|Any CPU
		{A13ED7DF-CAA5-445D-90AA-516069BA0019}.Debug|iPhone.Build.0 = Debug|Any CPU
		{A13ED7DF-CAA5-445D-90AA-516069BA0019}.Debug|iPhone.Deploy.0 = Debug|Any CPU
		{A13ED7DF-CAA5-445D-90AA-516069BA0019}.Debug|iPhoneSimulator.ActiveCfg = Debug|Any CPU
		{A13ED7DF-CAA5-445D-90AA-516069BA0019}.Debug|iPhoneSimulator.Build.0 = Debug|Any CPU
		{A13ED7DF-CAA5-445D-90AA-516069BA0019}.Debug|iPhoneSimulator.Deploy.0 = Debug|Any CPU
		{A13ED7DF-CAA5-445D-90AA-516069BA0019}.Debug|Mixed Platforms.ActiveCfg = Debug|Any CPU
		{A13ED7DF-CAA5-445D-90AA-516069BA0019}.Debug|Mixed Platforms.Build.0 = Debug|Any CPU
		{A13ED7DF-CAA5-445D-90AA-516069BA0019}.Debug|Mixed Platforms.Deploy.0 = Debug|Any CPU
		{A13ED7DF-CAA5-445D-90AA-516069BA0019}.Debug|x86.ActiveCfg = Debug|Any CPU
		{A13ED7DF-CAA5-445D-90AA-516069BA0019}.Debug|x86.Build.0 = Debug|Any CPU
		{A13ED7DF-CAA5-445D-90AA-516069BA0019}.Debug|x86.Deploy.0 = Debug|Any CPU
		{A13ED7DF-CAA5-445D-90AA-516069BA0019}.Release|Any CPU.ActiveCfg = Release|Any CPU
		{A13ED7DF-CAA5-445D-90AA-516069BA0019}.Release|Any CPU.Build.0 = Release|Any CPU
		{A13ED7DF-CAA5-445D-90AA-516069BA0019}.Release|Any CPU.Deploy.0 = Release|Any CPU
		{A13ED7DF-CAA5-445D-90AA-516069BA0019}.Release|ARM.ActiveCfg = Release|Any CPU
		{A13ED7DF-CAA5-445D-90AA-516069BA0019}.Release|ARM.Build.0 = Release|Any CPU
		{A13ED7DF-CAA5-445D-90AA-516069BA0019}.Release|ARM.Deploy.0 = Release|Any CPU
		{A13ED7DF-CAA5-445D-90AA-516069BA0019}.Release|iPhone.ActiveCfg = Release|Any CPU
		{A13ED7DF-CAA5-445D-90AA-516069BA0019}.Release|iPhone.Build.0 = Release|Any CPU
		{A13ED7DF-CAA5-445D-90AA-516069BA0019}.Release|iPhone.Deploy.0 = Release|Any CPU
		{A13ED7DF-CAA5-445D-90AA-516069BA0019}.Release|iPhoneSimulator.ActiveCfg = Release|Any CPU
		{A13ED7DF-CAA5-445D-90AA-516069BA0019}.Release|iPhoneSimulator.Build.0 = Release|Any CPU
		{A13ED7DF-CAA5-445D-90AA-516069BA0019}.Release|iPhoneSimulator.Deploy.0 = Release|Any CPU
		{A13ED7DF-CAA5-445D-90AA-516069BA0019}.Release|Mixed Platforms.ActiveCfg = Release|Any CPU
		{A13ED7DF-CAA5-445D-90AA-516069BA0019}.Release|Mixed Platforms.Build.0 = Release|Any CPU
		{A13ED7DF-CAA5-445D-90AA-516069BA0019}.Release|Mixed Platforms.Deploy.0 = Release|Any CPU
		{A13ED7DF-CAA5-445D-90AA-516069BA0019}.Release|x86.ActiveCfg = Release|Any CPU
		{A13ED7DF-CAA5-445D-90AA-516069BA0019}.Release|x86.Build.0 = Release|Any CPU
		{A13ED7DF-CAA5-445D-90AA-516069BA0019}.Release|x86.Deploy.0 = Release|Any CPU
		{A13ED7DF-CAA5-445D-90AA-516069BA0019}.Turkey|Any CPU.ActiveCfg = Debug|Any CPU
		{A13ED7DF-CAA5-445D-90AA-516069BA0019}.Turkey|ARM.ActiveCfg = Debug|Any CPU
		{A13ED7DF-CAA5-445D-90AA-516069BA0019}.Turkey|iPhone.ActiveCfg = Debug|Any CPU
		{A13ED7DF-CAA5-445D-90AA-516069BA0019}.Turkey|iPhoneSimulator.ActiveCfg = Debug|Any CPU
		{A13ED7DF-CAA5-445D-90AA-516069BA0019}.Turkey|Mixed Platforms.ActiveCfg = Debug|Any CPU
		{A13ED7DF-CAA5-445D-90AA-516069BA0019}.Turkey|x86.ActiveCfg = Debug|Any CPU
		{D6068400-2B27-4D71-BA89-52DB24A674C2}.Ad-Hoc|Any CPU.ActiveCfg = Release|Any CPU
		{D6068400-2B27-4D71-BA89-52DB24A674C2}.Ad-Hoc|Any CPU.Build.0 = Release|Any CPU
		{D6068400-2B27-4D71-BA89-52DB24A674C2}.Ad-Hoc|ARM.ActiveCfg = Release|Any CPU
		{D6068400-2B27-4D71-BA89-52DB24A674C2}.Ad-Hoc|ARM.Build.0 = Release|Any CPU
		{D6068400-2B27-4D71-BA89-52DB24A674C2}.Ad-Hoc|iPhone.ActiveCfg = Release|Any CPU
		{D6068400-2B27-4D71-BA89-52DB24A674C2}.Ad-Hoc|iPhone.Build.0 = Release|Any CPU
		{D6068400-2B27-4D71-BA89-52DB24A674C2}.Ad-Hoc|iPhoneSimulator.ActiveCfg = Release|Any CPU
		{D6068400-2B27-4D71-BA89-52DB24A674C2}.Ad-Hoc|iPhoneSimulator.Build.0 = Release|Any CPU
		{D6068400-2B27-4D71-BA89-52DB24A674C2}.Ad-Hoc|Mixed Platforms.ActiveCfg = Release|Any CPU
		{D6068400-2B27-4D71-BA89-52DB24A674C2}.Ad-Hoc|Mixed Platforms.Build.0 = Release|Any CPU
		{D6068400-2B27-4D71-BA89-52DB24A674C2}.Ad-Hoc|x86.ActiveCfg = Release|Any CPU
		{D6068400-2B27-4D71-BA89-52DB24A674C2}.Ad-Hoc|x86.Build.0 = Release|Any CPU
		{D6068400-2B27-4D71-BA89-52DB24A674C2}.AppStore|Any CPU.ActiveCfg = Release|Any CPU
		{D6068400-2B27-4D71-BA89-52DB24A674C2}.AppStore|Any CPU.Build.0 = Release|Any CPU
		{D6068400-2B27-4D71-BA89-52DB24A674C2}.AppStore|ARM.ActiveCfg = Release|Any CPU
		{D6068400-2B27-4D71-BA89-52DB24A674C2}.AppStore|ARM.Build.0 = Release|Any CPU
		{D6068400-2B27-4D71-BA89-52DB24A674C2}.AppStore|iPhone.ActiveCfg = Release|Any CPU
		{D6068400-2B27-4D71-BA89-52DB24A674C2}.AppStore|iPhone.Build.0 = Release|Any CPU
		{D6068400-2B27-4D71-BA89-52DB24A674C2}.AppStore|iPhoneSimulator.ActiveCfg = Release|Any CPU
		{D6068400-2B27-4D71-BA89-52DB24A674C2}.AppStore|iPhoneSimulator.Build.0 = Release|Any CPU
		{D6068400-2B27-4D71-BA89-52DB24A674C2}.AppStore|Mixed Platforms.ActiveCfg = Release|Any CPU
		{D6068400-2B27-4D71-BA89-52DB24A674C2}.AppStore|Mixed Platforms.Build.0 = Release|Any CPU
		{D6068400-2B27-4D71-BA89-52DB24A674C2}.AppStore|x86.ActiveCfg = Release|Any CPU
		{D6068400-2B27-4D71-BA89-52DB24A674C2}.AppStore|x86.Build.0 = Release|Any CPU
		{D6068400-2B27-4D71-BA89-52DB24A674C2}.Debug|Any CPU.ActiveCfg = Debug|Any CPU
		{D6068400-2B27-4D71-BA89-52DB24A674C2}.Debug|Any CPU.Build.0 = Debug|Any CPU
		{D6068400-2B27-4D71-BA89-52DB24A674C2}.Debug|ARM.ActiveCfg = Debug|Any CPU
		{D6068400-2B27-4D71-BA89-52DB24A674C2}.Debug|ARM.Build.0 = Debug|Any CPU
		{D6068400-2B27-4D71-BA89-52DB24A674C2}.Debug|iPhone.ActiveCfg = Debug|Any CPU
		{D6068400-2B27-4D71-BA89-52DB24A674C2}.Debug|iPhone.Build.0 = Debug|Any CPU
		{D6068400-2B27-4D71-BA89-52DB24A674C2}.Debug|iPhoneSimulator.ActiveCfg = Debug|Any CPU
		{D6068400-2B27-4D71-BA89-52DB24A674C2}.Debug|iPhoneSimulator.Build.0 = Debug|Any CPU
		{D6068400-2B27-4D71-BA89-52DB24A674C2}.Debug|Mixed Platforms.ActiveCfg = Debug|Any CPU
		{D6068400-2B27-4D71-BA89-52DB24A674C2}.Debug|Mixed Platforms.Build.0 = Debug|Any CPU
		{D6068400-2B27-4D71-BA89-52DB24A674C2}.Debug|x86.ActiveCfg = Debug|Any CPU
		{D6068400-2B27-4D71-BA89-52DB24A674C2}.Debug|x86.Build.0 = Debug|Any CPU
		{D6068400-2B27-4D71-BA89-52DB24A674C2}.Release|Any CPU.ActiveCfg = Release|Any CPU
		{D6068400-2B27-4D71-BA89-52DB24A674C2}.Release|Any CPU.Build.0 = Release|Any CPU
		{D6068400-2B27-4D71-BA89-52DB24A674C2}.Release|ARM.ActiveCfg = Release|Any CPU
		{D6068400-2B27-4D71-BA89-52DB24A674C2}.Release|ARM.Build.0 = Release|Any CPU
		{D6068400-2B27-4D71-BA89-52DB24A674C2}.Release|iPhone.ActiveCfg = Release|Any CPU
		{D6068400-2B27-4D71-BA89-52DB24A674C2}.Release|iPhone.Build.0 = Release|Any CPU
		{D6068400-2B27-4D71-BA89-52DB24A674C2}.Release|iPhoneSimulator.ActiveCfg = Release|Any CPU
		{D6068400-2B27-4D71-BA89-52DB24A674C2}.Release|iPhoneSimulator.Build.0 = Release|Any CPU
		{D6068400-2B27-4D71-BA89-52DB24A674C2}.Release|Mixed Platforms.ActiveCfg = Release|Any CPU
		{D6068400-2B27-4D71-BA89-52DB24A674C2}.Release|Mixed Platforms.Build.0 = Release|Any CPU
		{D6068400-2B27-4D71-BA89-52DB24A674C2}.Release|x86.ActiveCfg = Release|Any CPU
		{D6068400-2B27-4D71-BA89-52DB24A674C2}.Release|x86.Build.0 = Release|Any CPU
		{D6068400-2B27-4D71-BA89-52DB24A674C2}.Turkey|Any CPU.ActiveCfg = Debug|Any CPU
		{D6068400-2B27-4D71-BA89-52DB24A674C2}.Turkey|Any CPU.Build.0 = Debug|Any CPU
		{D6068400-2B27-4D71-BA89-52DB24A674C2}.Turkey|ARM.ActiveCfg = Debug|Any CPU
		{D6068400-2B27-4D71-BA89-52DB24A674C2}.Turkey|iPhone.ActiveCfg = Debug|Any CPU
		{D6068400-2B27-4D71-BA89-52DB24A674C2}.Turkey|iPhoneSimulator.ActiveCfg = Debug|Any CPU
		{D6068400-2B27-4D71-BA89-52DB24A674C2}.Turkey|Mixed Platforms.ActiveCfg = Debug|Any CPU
		{D6068400-2B27-4D71-BA89-52DB24A674C2}.Turkey|Mixed Platforms.Build.0 = Debug|Any CPU
		{D6068400-2B27-4D71-BA89-52DB24A674C2}.Turkey|x86.ActiveCfg = Debug|Any CPU
		{3DA93F32-E204-4F17-8E24-5A9130534286}.Ad-Hoc|Any CPU.ActiveCfg = Release|Any CPU
		{3DA93F32-E204-4F17-8E24-5A9130534286}.Ad-Hoc|Any CPU.Build.0 = Release|Any CPU
		{3DA93F32-E204-4F17-8E24-5A9130534286}.Ad-Hoc|ARM.ActiveCfg = Release|Any CPU
		{3DA93F32-E204-4F17-8E24-5A9130534286}.Ad-Hoc|ARM.Build.0 = Release|Any CPU
		{3DA93F32-E204-4F17-8E24-5A9130534286}.Ad-Hoc|iPhone.ActiveCfg = Release|Any CPU
		{3DA93F32-E204-4F17-8E24-5A9130534286}.Ad-Hoc|iPhone.Build.0 = Release|Any CPU
		{3DA93F32-E204-4F17-8E24-5A9130534286}.Ad-Hoc|iPhoneSimulator.ActiveCfg = Release|Any CPU
		{3DA93F32-E204-4F17-8E24-5A9130534286}.Ad-Hoc|iPhoneSimulator.Build.0 = Release|Any CPU
		{3DA93F32-E204-4F17-8E24-5A9130534286}.Ad-Hoc|Mixed Platforms.ActiveCfg = Release|Any CPU
		{3DA93F32-E204-4F17-8E24-5A9130534286}.Ad-Hoc|Mixed Platforms.Build.0 = Release|Any CPU
		{3DA93F32-E204-4F17-8E24-5A9130534286}.Ad-Hoc|x86.ActiveCfg = Release|Any CPU
		{3DA93F32-E204-4F17-8E24-5A9130534286}.Ad-Hoc|x86.Build.0 = Release|Any CPU
		{3DA93F32-E204-4F17-8E24-5A9130534286}.AppStore|Any CPU.ActiveCfg = Release|Any CPU
		{3DA93F32-E204-4F17-8E24-5A9130534286}.AppStore|Any CPU.Build.0 = Release|Any CPU
		{3DA93F32-E204-4F17-8E24-5A9130534286}.AppStore|ARM.ActiveCfg = Release|Any CPU
		{3DA93F32-E204-4F17-8E24-5A9130534286}.AppStore|ARM.Build.0 = Release|Any CPU
		{3DA93F32-E204-4F17-8E24-5A9130534286}.AppStore|iPhone.ActiveCfg = Release|Any CPU
		{3DA93F32-E204-4F17-8E24-5A9130534286}.AppStore|iPhone.Build.0 = Release|Any CPU
		{3DA93F32-E204-4F17-8E24-5A9130534286}.AppStore|iPhoneSimulator.ActiveCfg = Release|Any CPU
		{3DA93F32-E204-4F17-8E24-5A9130534286}.AppStore|iPhoneSimulator.Build.0 = Release|Any CPU
		{3DA93F32-E204-4F17-8E24-5A9130534286}.AppStore|Mixed Platforms.ActiveCfg = Release|Any CPU
		{3DA93F32-E204-4F17-8E24-5A9130534286}.AppStore|Mixed Platforms.Build.0 = Release|Any CPU
		{3DA93F32-E204-4F17-8E24-5A9130534286}.AppStore|x86.ActiveCfg = Release|Any CPU
		{3DA93F32-E204-4F17-8E24-5A9130534286}.AppStore|x86.Build.0 = Release|Any CPU
		{3DA93F32-E204-4F17-8E24-5A9130534286}.Debug|Any CPU.ActiveCfg = Debug|Any CPU
		{3DA93F32-E204-4F17-8E24-5A9130534286}.Debug|Any CPU.Build.0 = Debug|Any CPU
		{3DA93F32-E204-4F17-8E24-5A9130534286}.Debug|ARM.ActiveCfg = Debug|Any CPU
		{3DA93F32-E204-4F17-8E24-5A9130534286}.Debug|ARM.Build.0 = Debug|Any CPU
		{3DA93F32-E204-4F17-8E24-5A9130534286}.Debug|iPhone.ActiveCfg = Debug|Any CPU
		{3DA93F32-E204-4F17-8E24-5A9130534286}.Debug|iPhone.Build.0 = Debug|Any CPU
		{3DA93F32-E204-4F17-8E24-5A9130534286}.Debug|iPhoneSimulator.ActiveCfg = Debug|Any CPU
		{3DA93F32-E204-4F17-8E24-5A9130534286}.Debug|iPhoneSimulator.Build.0 = Debug|Any CPU
		{3DA93F32-E204-4F17-8E24-5A9130534286}.Debug|Mixed Platforms.ActiveCfg = Debug|Any CPU
		{3DA93F32-E204-4F17-8E24-5A9130534286}.Debug|Mixed Platforms.Build.0 = Debug|Any CPU
		{3DA93F32-E204-4F17-8E24-5A9130534286}.Debug|x86.ActiveCfg = Debug|Any CPU
		{3DA93F32-E204-4F17-8E24-5A9130534286}.Debug|x86.Build.0 = Debug|Any CPU
		{3DA93F32-E204-4F17-8E24-5A9130534286}.Release|Any CPU.ActiveCfg = Release|Any CPU
		{3DA93F32-E204-4F17-8E24-5A9130534286}.Release|Any CPU.Build.0 = Release|Any CPU
		{3DA93F32-E204-4F17-8E24-5A9130534286}.Release|ARM.ActiveCfg = Release|Any CPU
		{3DA93F32-E204-4F17-8E24-5A9130534286}.Release|ARM.Build.0 = Release|Any CPU
		{3DA93F32-E204-4F17-8E24-5A9130534286}.Release|iPhone.ActiveCfg = Release|Any CPU
		{3DA93F32-E204-4F17-8E24-5A9130534286}.Release|iPhone.Build.0 = Release|Any CPU
		{3DA93F32-E204-4F17-8E24-5A9130534286}.Release|iPhoneSimulator.ActiveCfg = Release|Any CPU
		{3DA93F32-E204-4F17-8E24-5A9130534286}.Release|iPhoneSimulator.Build.0 = Release|Any CPU
		{3DA93F32-E204-4F17-8E24-5A9130534286}.Release|Mixed Platforms.ActiveCfg = Release|Any CPU
		{3DA93F32-E204-4F17-8E24-5A9130534286}.Release|Mixed Platforms.Build.0 = Release|Any CPU
		{3DA93F32-E204-4F17-8E24-5A9130534286}.Release|x86.ActiveCfg = Release|Any CPU
		{3DA93F32-E204-4F17-8E24-5A9130534286}.Release|x86.Build.0 = Release|Any CPU
		{3DA93F32-E204-4F17-8E24-5A9130534286}.Turkey|Any CPU.ActiveCfg = Debug|Any CPU
		{3DA93F32-E204-4F17-8E24-5A9130534286}.Turkey|ARM.ActiveCfg = Debug|Any CPU
		{3DA93F32-E204-4F17-8E24-5A9130534286}.Turkey|iPhone.ActiveCfg = Debug|Any CPU
		{3DA93F32-E204-4F17-8E24-5A9130534286}.Turkey|iPhoneSimulator.ActiveCfg = Debug|Any CPU
		{3DA93F32-E204-4F17-8E24-5A9130534286}.Turkey|Mixed Platforms.ActiveCfg = Debug|Any CPU
		{3DA93F32-E204-4F17-8E24-5A9130534286}.Turkey|x86.ActiveCfg = Debug|Any CPU
		{EBA60109-E20A-4C9D-A730-E40EAA90589E}.Ad-Hoc|Any CPU.ActiveCfg = Release|Any CPU
		{EBA60109-E20A-4C9D-A730-E40EAA90589E}.Ad-Hoc|Any CPU.Build.0 = Release|Any CPU
		{EBA60109-E20A-4C9D-A730-E40EAA90589E}.Ad-Hoc|ARM.ActiveCfg = Release|Any CPU
		{EBA60109-E20A-4C9D-A730-E40EAA90589E}.Ad-Hoc|ARM.Build.0 = Release|Any CPU
		{EBA60109-E20A-4C9D-A730-E40EAA90589E}.Ad-Hoc|iPhone.ActiveCfg = Release|Any CPU
		{EBA60109-E20A-4C9D-A730-E40EAA90589E}.Ad-Hoc|iPhone.Build.0 = Release|Any CPU
		{EBA60109-E20A-4C9D-A730-E40EAA90589E}.Ad-Hoc|iPhoneSimulator.ActiveCfg = Release|Any CPU
		{EBA60109-E20A-4C9D-A730-E40EAA90589E}.Ad-Hoc|iPhoneSimulator.Build.0 = Release|Any CPU
		{EBA60109-E20A-4C9D-A730-E40EAA90589E}.Ad-Hoc|Mixed Platforms.ActiveCfg = Release|Any CPU
		{EBA60109-E20A-4C9D-A730-E40EAA90589E}.Ad-Hoc|Mixed Platforms.Build.0 = Release|Any CPU
		{EBA60109-E20A-4C9D-A730-E40EAA90589E}.Ad-Hoc|x86.ActiveCfg = Release|Any CPU
		{EBA60109-E20A-4C9D-A730-E40EAA90589E}.Ad-Hoc|x86.Build.0 = Release|Any CPU
		{EBA60109-E20A-4C9D-A730-E40EAA90589E}.AppStore|Any CPU.ActiveCfg = Release|Any CPU
		{EBA60109-E20A-4C9D-A730-E40EAA90589E}.AppStore|Any CPU.Build.0 = Release|Any CPU
		{EBA60109-E20A-4C9D-A730-E40EAA90589E}.AppStore|ARM.ActiveCfg = Release|Any CPU
		{EBA60109-E20A-4C9D-A730-E40EAA90589E}.AppStore|ARM.Build.0 = Release|Any CPU
		{EBA60109-E20A-4C9D-A730-E40EAA90589E}.AppStore|iPhone.ActiveCfg = Release|Any CPU
		{EBA60109-E20A-4C9D-A730-E40EAA90589E}.AppStore|iPhone.Build.0 = Release|Any CPU
		{EBA60109-E20A-4C9D-A730-E40EAA90589E}.AppStore|iPhoneSimulator.ActiveCfg = Release|Any CPU
		{EBA60109-E20A-4C9D-A730-E40EAA90589E}.AppStore|iPhoneSimulator.Build.0 = Release|Any CPU
		{EBA60109-E20A-4C9D-A730-E40EAA90589E}.AppStore|Mixed Platforms.ActiveCfg = Release|Any CPU
		{EBA60109-E20A-4C9D-A730-E40EAA90589E}.AppStore|Mixed Platforms.Build.0 = Release|Any CPU
		{EBA60109-E20A-4C9D-A730-E40EAA90589E}.AppStore|x86.ActiveCfg = Release|Any CPU
		{EBA60109-E20A-4C9D-A730-E40EAA90589E}.AppStore|x86.Build.0 = Release|Any CPU
		{EBA60109-E20A-4C9D-A730-E40EAA90589E}.Debug|Any CPU.ActiveCfg = Debug|Any CPU
		{EBA60109-E20A-4C9D-A730-E40EAA90589E}.Debug|Any CPU.Build.0 = Debug|Any CPU
		{EBA60109-E20A-4C9D-A730-E40EAA90589E}.Debug|ARM.ActiveCfg = Debug|Any CPU
		{EBA60109-E20A-4C9D-A730-E40EAA90589E}.Debug|ARM.Build.0 = Debug|Any CPU
		{EBA60109-E20A-4C9D-A730-E40EAA90589E}.Debug|iPhone.ActiveCfg = Debug|Any CPU
		{EBA60109-E20A-4C9D-A730-E40EAA90589E}.Debug|iPhone.Build.0 = Debug|Any CPU
		{EBA60109-E20A-4C9D-A730-E40EAA90589E}.Debug|iPhoneSimulator.ActiveCfg = Debug|Any CPU
		{EBA60109-E20A-4C9D-A730-E40EAA90589E}.Debug|iPhoneSimulator.Build.0 = Debug|Any CPU
		{EBA60109-E20A-4C9D-A730-E40EAA90589E}.Debug|Mixed Platforms.ActiveCfg = Debug|Any CPU
		{EBA60109-E20A-4C9D-A730-E40EAA90589E}.Debug|Mixed Platforms.Build.0 = Debug|Any CPU
		{EBA60109-E20A-4C9D-A730-E40EAA90589E}.Debug|x86.ActiveCfg = Debug|Any CPU
		{EBA60109-E20A-4C9D-A730-E40EAA90589E}.Debug|x86.Build.0 = Debug|Any CPU
		{EBA60109-E20A-4C9D-A730-E40EAA90589E}.Release|Any CPU.ActiveCfg = Release|Any CPU
		{EBA60109-E20A-4C9D-A730-E40EAA90589E}.Release|Any CPU.Build.0 = Release|Any CPU
		{EBA60109-E20A-4C9D-A730-E40EAA90589E}.Release|ARM.ActiveCfg = Release|Any CPU
		{EBA60109-E20A-4C9D-A730-E40EAA90589E}.Release|ARM.Build.0 = Release|Any CPU
		{EBA60109-E20A-4C9D-A730-E40EAA90589E}.Release|iPhone.ActiveCfg = Release|Any CPU
		{EBA60109-E20A-4C9D-A730-E40EAA90589E}.Release|iPhone.Build.0 = Release|Any CPU
		{EBA60109-E20A-4C9D-A730-E40EAA90589E}.Release|iPhoneSimulator.ActiveCfg = Release|Any CPU
		{EBA60109-E20A-4C9D-A730-E40EAA90589E}.Release|iPhoneSimulator.Build.0 = Release|Any CPU
		{EBA60109-E20A-4C9D-A730-E40EAA90589E}.Release|Mixed Platforms.ActiveCfg = Release|Any CPU
		{EBA60109-E20A-4C9D-A730-E40EAA90589E}.Release|Mixed Platforms.Build.0 = Release|Any CPU
		{EBA60109-E20A-4C9D-A730-E40EAA90589E}.Release|x86.ActiveCfg = Release|Any CPU
		{EBA60109-E20A-4C9D-A730-E40EAA90589E}.Release|x86.Build.0 = Release|Any CPU
		{EBA60109-E20A-4C9D-A730-E40EAA90589E}.Turkey|Any CPU.ActiveCfg = Debug|Any CPU
		{EBA60109-E20A-4C9D-A730-E40EAA90589E}.Turkey|ARM.ActiveCfg = Debug|Any CPU
		{EBA60109-E20A-4C9D-A730-E40EAA90589E}.Turkey|iPhone.ActiveCfg = Debug|Any CPU
		{EBA60109-E20A-4C9D-A730-E40EAA90589E}.Turkey|iPhoneSimulator.ActiveCfg = Debug|Any CPU
		{EBA60109-E20A-4C9D-A730-E40EAA90589E}.Turkey|Mixed Platforms.ActiveCfg = Debug|Any CPU
		{EBA60109-E20A-4C9D-A730-E40EAA90589E}.Turkey|x86.ActiveCfg = Debug|Any CPU
		{E419094A-B6F6-4DF5-8B74-AD3F14F5F69A}.Ad-Hoc|Any CPU.ActiveCfg = Release|Any CPU
		{E419094A-B6F6-4DF5-8B74-AD3F14F5F69A}.Ad-Hoc|Any CPU.Build.0 = Release|Any CPU
		{E419094A-B6F6-4DF5-8B74-AD3F14F5F69A}.Ad-Hoc|ARM.ActiveCfg = Release|Any CPU
		{E419094A-B6F6-4DF5-8B74-AD3F14F5F69A}.Ad-Hoc|iPhone.ActiveCfg = Release|Any CPU
		{E419094A-B6F6-4DF5-8B74-AD3F14F5F69A}.Ad-Hoc|iPhoneSimulator.ActiveCfg = Release|Any CPU
		{E419094A-B6F6-4DF5-8B74-AD3F14F5F69A}.Ad-Hoc|Mixed Platforms.ActiveCfg = Release|Any CPU
		{E419094A-B6F6-4DF5-8B74-AD3F14F5F69A}.Ad-Hoc|Mixed Platforms.Build.0 = Release|Any CPU
		{E419094A-B6F6-4DF5-8B74-AD3F14F5F69A}.Ad-Hoc|x86.ActiveCfg = Release|Any CPU
		{E419094A-B6F6-4DF5-8B74-AD3F14F5F69A}.AppStore|Any CPU.ActiveCfg = Release|Any CPU
		{E419094A-B6F6-4DF5-8B74-AD3F14F5F69A}.AppStore|Any CPU.Build.0 = Release|Any CPU
		{E419094A-B6F6-4DF5-8B74-AD3F14F5F69A}.AppStore|ARM.ActiveCfg = Release|Any CPU
		{E419094A-B6F6-4DF5-8B74-AD3F14F5F69A}.AppStore|iPhone.ActiveCfg = Release|Any CPU
		{E419094A-B6F6-4DF5-8B74-AD3F14F5F69A}.AppStore|iPhoneSimulator.ActiveCfg = Release|Any CPU
		{E419094A-B6F6-4DF5-8B74-AD3F14F5F69A}.AppStore|Mixed Platforms.ActiveCfg = Release|Any CPU
		{E419094A-B6F6-4DF5-8B74-AD3F14F5F69A}.AppStore|Mixed Platforms.Build.0 = Release|Any CPU
		{E419094A-B6F6-4DF5-8B74-AD3F14F5F69A}.AppStore|x86.ActiveCfg = Release|Any CPU
		{E419094A-B6F6-4DF5-8B74-AD3F14F5F69A}.Debug|Any CPU.ActiveCfg = Debug|Any CPU
		{E419094A-B6F6-4DF5-8B74-AD3F14F5F69A}.Debug|Any CPU.Build.0 = Debug|Any CPU
		{E419094A-B6F6-4DF5-8B74-AD3F14F5F69A}.Debug|ARM.ActiveCfg = Debug|Any CPU
		{E419094A-B6F6-4DF5-8B74-AD3F14F5F69A}.Debug|iPhone.ActiveCfg = Debug|Any CPU
		{E419094A-B6F6-4DF5-8B74-AD3F14F5F69A}.Debug|iPhoneSimulator.ActiveCfg = Debug|Any CPU
		{E419094A-B6F6-4DF5-8B74-AD3F14F5F69A}.Debug|Mixed Platforms.ActiveCfg = Debug|Any CPU
		{E419094A-B6F6-4DF5-8B74-AD3F14F5F69A}.Debug|Mixed Platforms.Build.0 = Debug|Any CPU
		{E419094A-B6F6-4DF5-8B74-AD3F14F5F69A}.Debug|x86.ActiveCfg = Debug|Any CPU
		{E419094A-B6F6-4DF5-8B74-AD3F14F5F69A}.Release|Any CPU.ActiveCfg = Release|Any CPU
		{E419094A-B6F6-4DF5-8B74-AD3F14F5F69A}.Release|Any CPU.Build.0 = Release|Any CPU
		{E419094A-B6F6-4DF5-8B74-AD3F14F5F69A}.Release|ARM.ActiveCfg = Release|Any CPU
		{E419094A-B6F6-4DF5-8B74-AD3F14F5F69A}.Release|iPhone.ActiveCfg = Release|Any CPU
		{E419094A-B6F6-4DF5-8B74-AD3F14F5F69A}.Release|iPhoneSimulator.ActiveCfg = Release|Any CPU
		{E419094A-B6F6-4DF5-8B74-AD3F14F5F69A}.Release|Mixed Platforms.ActiveCfg = Release|Any CPU
		{E419094A-B6F6-4DF5-8B74-AD3F14F5F69A}.Release|Mixed Platforms.Build.0 = Release|Any CPU
		{E419094A-B6F6-4DF5-8B74-AD3F14F5F69A}.Release|x86.ActiveCfg = Release|Any CPU
		{E419094A-B6F6-4DF5-8B74-AD3F14F5F69A}.Turkey|Any CPU.ActiveCfg = Debug|Any CPU
		{E419094A-B6F6-4DF5-8B74-AD3F14F5F69A}.Turkey|Any CPU.Build.0 = Debug|Any CPU
		{E419094A-B6F6-4DF5-8B74-AD3F14F5F69A}.Turkey|ARM.ActiveCfg = Debug|Any CPU
		{E419094A-B6F6-4DF5-8B74-AD3F14F5F69A}.Turkey|iPhone.ActiveCfg = Debug|Any CPU
		{E419094A-B6F6-4DF5-8B74-AD3F14F5F69A}.Turkey|iPhoneSimulator.ActiveCfg = Debug|Any CPU
		{E419094A-B6F6-4DF5-8B74-AD3F14F5F69A}.Turkey|Mixed Platforms.ActiveCfg = Debug|Any CPU
		{E419094A-B6F6-4DF5-8B74-AD3F14F5F69A}.Turkey|Mixed Platforms.Build.0 = Debug|Any CPU
		{E419094A-B6F6-4DF5-8B74-AD3F14F5F69A}.Turkey|x86.ActiveCfg = Debug|Any CPU
		{8E278264-E186-42BA-8769-EE3CFB4CE519}.Ad-Hoc|Any CPU.ActiveCfg = Release|Any CPU
		{8E278264-E186-42BA-8769-EE3CFB4CE519}.Ad-Hoc|Any CPU.Build.0 = Release|Any CPU
		{8E278264-E186-42BA-8769-EE3CFB4CE519}.Ad-Hoc|ARM.ActiveCfg = Release|Any CPU
		{8E278264-E186-42BA-8769-EE3CFB4CE519}.Ad-Hoc|iPhone.ActiveCfg = Release|Any CPU
		{8E278264-E186-42BA-8769-EE3CFB4CE519}.Ad-Hoc|iPhoneSimulator.ActiveCfg = Release|Any CPU
		{8E278264-E186-42BA-8769-EE3CFB4CE519}.Ad-Hoc|Mixed Platforms.ActiveCfg = Release|Any CPU
		{8E278264-E186-42BA-8769-EE3CFB4CE519}.Ad-Hoc|Mixed Platforms.Build.0 = Release|Any CPU
		{8E278264-E186-42BA-8769-EE3CFB4CE519}.Ad-Hoc|x86.ActiveCfg = Release|Any CPU
		{8E278264-E186-42BA-8769-EE3CFB4CE519}.AppStore|Any CPU.ActiveCfg = Release|Any CPU
		{8E278264-E186-42BA-8769-EE3CFB4CE519}.AppStore|Any CPU.Build.0 = Release|Any CPU
		{8E278264-E186-42BA-8769-EE3CFB4CE519}.AppStore|ARM.ActiveCfg = Release|Any CPU
		{8E278264-E186-42BA-8769-EE3CFB4CE519}.AppStore|iPhone.ActiveCfg = Release|Any CPU
		{8E278264-E186-42BA-8769-EE3CFB4CE519}.AppStore|iPhoneSimulator.ActiveCfg = Release|Any CPU
		{8E278264-E186-42BA-8769-EE3CFB4CE519}.AppStore|Mixed Platforms.ActiveCfg = Release|Any CPU
		{8E278264-E186-42BA-8769-EE3CFB4CE519}.AppStore|Mixed Platforms.Build.0 = Release|Any CPU
		{8E278264-E186-42BA-8769-EE3CFB4CE519}.AppStore|x86.ActiveCfg = Release|Any CPU
		{8E278264-E186-42BA-8769-EE3CFB4CE519}.Debug|Any CPU.ActiveCfg = Debug|Any CPU
		{8E278264-E186-42BA-8769-EE3CFB4CE519}.Debug|Any CPU.Build.0 = Debug|Any CPU
		{8E278264-E186-42BA-8769-EE3CFB4CE519}.Debug|ARM.ActiveCfg = Debug|Any CPU
		{8E278264-E186-42BA-8769-EE3CFB4CE519}.Debug|iPhone.ActiveCfg = Debug|Any CPU
		{8E278264-E186-42BA-8769-EE3CFB4CE519}.Debug|iPhoneSimulator.ActiveCfg = Debug|Any CPU
		{8E278264-E186-42BA-8769-EE3CFB4CE519}.Debug|Mixed Platforms.ActiveCfg = Debug|Any CPU
		{8E278264-E186-42BA-8769-EE3CFB4CE519}.Debug|Mixed Platforms.Build.0 = Debug|Any CPU
		{8E278264-E186-42BA-8769-EE3CFB4CE519}.Debug|x86.ActiveCfg = Debug|Any CPU
		{8E278264-E186-42BA-8769-EE3CFB4CE519}.Release|Any CPU.ActiveCfg = Release|Any CPU
		{8E278264-E186-42BA-8769-EE3CFB4CE519}.Release|Any CPU.Build.0 = Release|Any CPU
		{8E278264-E186-42BA-8769-EE3CFB4CE519}.Release|ARM.ActiveCfg = Release|Any CPU
		{8E278264-E186-42BA-8769-EE3CFB4CE519}.Release|iPhone.ActiveCfg = Release|Any CPU
		{8E278264-E186-42BA-8769-EE3CFB4CE519}.Release|iPhoneSimulator.ActiveCfg = Release|Any CPU
		{8E278264-E186-42BA-8769-EE3CFB4CE519}.Release|Mixed Platforms.ActiveCfg = Release|Any CPU
		{8E278264-E186-42BA-8769-EE3CFB4CE519}.Release|Mixed Platforms.Build.0 = Release|Any CPU
		{8E278264-E186-42BA-8769-EE3CFB4CE519}.Release|x86.ActiveCfg = Release|Any CPU
		{8E278264-E186-42BA-8769-EE3CFB4CE519}.Turkey|Any CPU.ActiveCfg = Debug|Any CPU
		{8E278264-E186-42BA-8769-EE3CFB4CE519}.Turkey|Any CPU.Build.0 = Debug|Any CPU
		{8E278264-E186-42BA-8769-EE3CFB4CE519}.Turkey|ARM.ActiveCfg = Debug|Any CPU
		{8E278264-E186-42BA-8769-EE3CFB4CE519}.Turkey|iPhone.ActiveCfg = Debug|Any CPU
		{8E278264-E186-42BA-8769-EE3CFB4CE519}.Turkey|iPhoneSimulator.ActiveCfg = Debug|Any CPU
		{8E278264-E186-42BA-8769-EE3CFB4CE519}.Turkey|Mixed Platforms.ActiveCfg = Debug|Any CPU
		{8E278264-E186-42BA-8769-EE3CFB4CE519}.Turkey|Mixed Platforms.Build.0 = Debug|Any CPU
		{8E278264-E186-42BA-8769-EE3CFB4CE519}.Turkey|x86.ActiveCfg = Debug|Any CPU
	EndGlobalSection
	GlobalSection(SolutionProperties) = preSolution
		HideSolutionNode = FALSE
	EndGlobalSection
	GlobalSection(NestedProjects) = preSolution
		{500905CA-9BF4-43C6-9AF8-71DEE6618DDD} = {5D11FF12-9B7F-4E5D-A88C-08DD404CE862}
		{388097BA-0E71-44CE-9F4A-4565FF131046} = {5D11FF12-9B7F-4E5D-A88C-08DD404CE862}
		{A13ED7DF-CAA5-445D-90AA-516069BA0019} = {5D11FF12-9B7F-4E5D-A88C-08DD404CE862}
	EndGlobalSection
EndGlobal
